{
  "name": "wix-blog-schema-api",
  "version": "1.0.0",
  "lockfileVersion": 3,
  "requires": true,
  "packages": {
    "": {
      "name": "wix-blog-schema-api",
      "version": "1.0.0",
      "dependencies": {
        "dotenv": "^18.0.1"
      }
    },
    "node_modules/dotenv": {
      "version": "18.0.1",
      "resolved": "https://registry.npmjs.org/dotenv/-/dotenv-18.0.1.tgz",
      "integrity": "sha512-0eR4m4D/jH5eaI3evo2ZqqMii5mrTCR12v12VChdie6O1gPHs7XAjzTep0CWc1Bd+oNx3vVfbi734dK4zghigw==",
      "license": "BSD-2-Clause",
      "bin": {
        "dotenv": "dist/index.cjs"
      },
      "engines": {
        "node": ">=12"
      },
      "funding": {
        "url": "https://dotenvx.com"
      }
    }
  }
}
